{
  "nodes": {
    "flake-utils": {
      "inputs": {
        "systems": "systems"
      },
      "locked": {
        "lastModified": 1710146030,
        "narHash": "sha256-SZ5L6eA7HJ/nmkzGG7/ISclqe6oZdOZTNoesiInkXPQ=",
        "owner": "numtide",
        "repo": "flake-utils",
        "rev": "b1d9ab70662946ef0850d488da1c9019f3a9752a",
        "type": "github"
      },
      "original": {
        "owner": "numtide",
        "repo": "flake-utils",
        "type": "github"
      }
    },
    "flake-utils_2": {
      "inputs": {
        "systems": "systems_2"
      },
      "locked": {
        "lastModified": 1681202837,
        "narHash": "sha256-H+Rh19JDwRtpVPAWp64F+rlEtxUWBAQW28eAi3SRSzg=",
        "owner": "numtide",
        "repo": "flake-utils",
        "rev": "cfacdce06f30d2b68473a46042957675eebb3401",
        "type": "github"
      },
      "original": {
        "owner": "numtide",
        "repo": "flake-utils",
        "type": "github"
      }
    },
    "nixpkgs": {
      "locked": {
        "lastModified": 1715087517,
        "narHash": "sha256-CLU5Tsg24Ke4+7sH8azHWXKd0CFd4mhLWfhYgUiDBpQ=",
        "owner": "NixOS",
        "repo": "nixpkgs",
        "rev": "b211b392b8486ee79df6cdfb1157ad2133427a29",
        "type": "github"
      },
      "original": {
        "id": "nixpkgs",
        "ref": "nixos-unstable",
        "type": "indirect"
      }
    },
    "nixpkgs-ustreamer": {
      "locked": {
        "lastModified": 1714553215,
        "narHash": "sha256-vLFtS2WyJopiYTNbQ0+eBd8mFWb2wXH56V8AoQy5nko=",
        "owner": "r-ryantm",
        "repo": "nixpkgs",
        "rev": "651e173f70c9ccba75b1a02a8e216cdd99cb85f2",
        "type": "github"
      },
      "original": {
        "owner": "r-ryantm",
        "ref": "auto-update/ustreamer",
        "repo": "nixpkgs",
        "type": "github"
      }
    },
    "nixpkgs-wiringpi": {
      "locked": {
        "lastModified": 1715231385,
        "narHash": "sha256-eNlxOv5ydSwoKW5sVtVB+6ARwjCawRN0JN5aaTlgTzA=",
        "owner": "Gigahawk",
        "repo": "nixpkgs",
        "rev": "0fee6d55a69ba1e8b7ce9317d6df777a4dcec3f3",
        "type": "github"
      },
      "original": {
        "owner": "Gigahawk",
        "ref": "update-wiringpi",
        "repo": "nixpkgs",
        "type": "github"
      }
    },
    "nixpkgs_2": {
      "locked": {
        "lastModified": 1635350005,
        "narHash": "sha256-tAMJnUwfaDEB2aa31jGcu7R7bzGELM9noc91L2PbVjg=",
        "owner": "NixOS",
        "repo": "nixpkgs",
        "rev": "1c1f5649bb9c1b0d98637c8c365228f57126f361",
        "type": "github"
      },
      "original": {
        "owner": "NixOS",
        "ref": "nixos-20.09",
        "repo": "nixpkgs",
        "type": "github"
      }
    },
    "pip2nix": {
      "inputs": {
        "flake-utils": "flake-utils_2",
        "nixpkgs": "nixpkgs_2"
      },
      "locked": {
        "lastModified": 1681921436,
        "narHash": "sha256-jrUOMhpOFxrgCXNgMWz475nKZdMiSQb0+nbaIqQORSM=",
        "owner": "nix-community",
        "repo": "pip2nix",
        "rev": "2ad8bd4c841116a1b9ab7853a53ed2d38e0ab93f",
        "type": "github"
      },
      "original": {
        "owner": "nix-community",
        "repo": "pip2nix",
        "type": "github"
      }
    },
    "root": {
      "inputs": {
        "flake-utils": "flake-utils",
        "nixpkgs": "nixpkgs",
        "nixpkgs-ustreamer": "nixpkgs-ustreamer",
        "nixpkgs-wiringpi": "nixpkgs-wiringpi",
        "pip2nix": "pip2nix"
      }
    },
    "systems": {
      "locked": {
        "lastModified": 1681028828,
        "narHash": "sha256-Vy1rq5AaRuLzOxct8nz4T6wlgyUR7zLU309k9mBC768=",
        "owner": "nix-systems",
        "repo": "default",
        "rev": "da67096a3b9bf56a91d16901293e51ba5b49a27e",
        "type": "github"
      },
      "original": {
        "owner": "nix-systems",
        "repo": "default",
        "type": "github"
      }
    },
    "systems_2": {
      "locked": {
        "lastModified": 1681028828,
        "narHash": "sha256-Vy1rq5AaRuLzOxct8nz4T6wlgyUR7zLU309k9mBC768=",
        "owner": "nix-systems",
        "repo": "default",
        "rev": "da67096a3b9bf56a91d16901293e51ba5b49a27e",
        "type": "github"
      },
      "original": {
        "owner": "nix-systems",
        "repo": "default",
        "type": "github"
      }
    }
  },
  "root": "root",
  "version": 7
}
